
Microsoft Visual Studio Solution File, Format Version 12.00
# Visual Studio 2012
Project("{FAE04EC0-301F-11D3-BF4B-00C04F79EFBC}") = "Ludus", "Ludus\Ludus.csproj", "{E43EE195-993D-4D9F-A8BF-2FF6611C7535}"
EndProject
Project("{FAE04EC0-301F-11D3-BF4B-00C04F79EFBC}") = "Ludus.Tests", "Ludus.Tests\Ludus.Tests.csproj", "{9312A765-E18E-49F7-BB50-9295658F12F3}"
EndProject
Project("{2150E333-8FDC-42A3-9474-1A3956D46DE8}") = ".nuget", ".nuget", "{E9898D24-98FE-4D61-A63D-F08D07EA68AB}"
	ProjectSection(SolutionItems) = preProject
		.nuget\NuGet.Config = .nuget\NuGet.Config
		.nuget\NuGet.exe = .nuget\NuGet.exe
		.nuget\NuGet.targets = .nuget\NuGet.targets
	EndProjectSection
EndProject
Global
	GlobalSection(SolutionConfigurationPlatforms) = preSolution
		Debug|Any CPU = Debug|Any CPU
		Release|Any CPU = Release|Any CPU
	EndGlobalSection
	GlobalSection(ProjectConfigurationPlatforms) = postSolution
		{E43EE195-993D-4D9F-A8BF-2FF6611C7535}.Debug|Any CPU.ActiveCfg = Debug|Any CPU
		{E43EE195-993D-4D9F-A8BF-2FF6611C7535}.Debug|Any CPU.Build.0 = Debug|Any CPU
		{E43EE195-993D-4D9F-A8BF-2FF6611C7535}.Release|Any CPU.ActiveCfg = Release|Any CPU
		{E43EE195-993D-4D9F-A8BF-2FF6611C7535}.Release|Any CPU.Build.0 = Release|Any CPU
		{9312A765-E18E-49F7-BB50-9295658F12F3}.Debug|Any CPU.ActiveCfg = Debug|Any CPU
		{9312A765-E18E-49F7-BB50-9295658F12F3}.Debug|Any CPU.Build.0 = Debug|Any CPU
		{9312A765-E18E-49F7-BB50-9295658F12F3}.Release|Any CPU.ActiveCfg = Release|Any CPU
		{9312A765-E18E-49F7-BB50-9295658F12F3}.Release|Any CPU.Build.0 = Release|Any CPU
	EndGlobalSection
	GlobalSection(SolutionProperties) = preSolution
		HideSolutionNode = FALSE
	EndGlobalSection
	GlobalSection(Performance) = preSolution
		HasPerformanceSessions = true
	EndGlobalSection
EndGlobal
